
Microsoft Visual Studio Solution File, Format Version 12.00
# Visual Studio Version 17
VisualStudioVersion = 17.14.36414.22 d17.14
MinimumVisualStudioVersion = 10.0.40219.1
Project("{FAE04EC0-301F-11D3-BF4B-00C04F79EFBC}") = "RedisWebApplication", "RedisWebApplication\RedisWebApplication.csproj", "{3E81CD39-EE98-4821-9B0B-D7161E3A2EF3}"
EndProject
Global
	GlobalSection(SolutionConfigurationPlatforms) = preSolution
		Debug|Any CPU = Debug|Any CPU
		Release|Any CPU = Release|Any CPU
	EndGlobalSection
	GlobalSection(ProjectConfigurationPlatforms) = postSolution
		{3E81CD39-EE98-4821-9B0B-D7161E3A2EF3}.Debug|Any CPU.ActiveCfg = Debug|Any CPU
		{3E81CD39-EE98-4821-9B0B-D7161E3A2EF3}.Debug|Any CPU.Build.0 = Debug|Any CPU
		{3E81CD39-EE98-4821-9B0B-D7161E3A2EF3}.Release|Any CPU.ActiveCfg = Release|Any CPU
		{3E81CD39-EE98-4821-9B0B-D7161E3A2EF3}.Release|Any CPU.Build.0 = Release|Any CPU
	EndGlobalSection
	GlobalSection(SolutionProperties) = preSolution
		HideSolutionNode = FALSE
	EndGlobalSection
	GlobalSection(ExtensibilityGlobals) = postSolution
		SolutionGuid = {8AAA7702-CE5D-43E4-B9C2-49DC356E9661}
	EndGlobalSection
EndGlobal
